
Microsoft Visual Studio Solution File, Format Version 12.00
# Visual Studio 15
VisualStudioVersion = 15.0.28307.539
MinimumVisualStudioVersion = 10.0.40219.1
Project("{9A19103F-16F7-4668-BE54-9A1E7A4F7556}") = "Omi.Xamarin.Forms.BarcodeX", "Omi.Xamarin.Forms.BarcodeX\Omi.Xamarin.Forms.BarcodeX.csproj", "{6EB66A63-7702-4D64-8715-DC09A8D4EFCB}"
EndProject
Project("{FAE04EC0-301F-11D3-BF4B-00C04F79EFBC}") = "Omi.Xamarin.Forms.BarcodeX.Android", "Omi.Xamarin.Forms.BarcodeX.Android\Omi.Xamarin.Forms.BarcodeX.Android.csproj", "{DB880027-6685-4AA9-9AFE-5F6745BDD97E}"
EndProject
Project("{FAE04EC0-301F-11D3-BF4B-00C04F79EFBC}") = "Omi.Xamarin.Forms.BarcodeX.iOS", "Omi.Xamarin.Forms.BarcodeX.iOS\Omi.Xamarin.Forms.BarcodeX.iOS.csproj", "{E71F3053-056C-4381-9638-048ED73BDFF6}"
EndProject
Project("{2150E333-8FDC-42A3-9474-1A3956D46DE8}") = "Sample", "Sample", "{6AE57276-357A-4191-92A9-B1E53BB57487}"
EndProject
Project("{FAE04EC0-301F-11D3-BF4B-00C04F79EFBC}") = "BarcodeXSampleApp.Android", "BarcodeXSampleApp\BarcodeXSampleApp.Android\BarcodeXSampleApp.Android.csproj", "{0F656A9F-B94A-4712-A47B-E16C6657F0F0}"
EndProject
Project("{FAE04EC0-301F-11D3-BF4B-00C04F79EFBC}") = "BarcodeXSampleApp.iOS", "BarcodeXSampleApp\BarcodeXSampleApp.iOS\BarcodeXSampleApp.iOS.csproj", "{E66FFD89-A3F3-475B-ACC3-FD08E6FBAB53}"
EndProject
Project("{9A19103F-16F7-4668-BE54-9A1E7A4F7556}") = "BarcodeXSampleApp", "BarcodeXSampleApp\BarcodeXSampleApp\BarcodeXSampleApp.csproj", "{65933645-CCA0-4C55-A992-D04C5BE9C4AC}"
EndProject
Global
	GlobalSection(SolutionConfigurationPlatforms) = preSolution
		Ad-Hoc|Any CPU = Ad-Hoc|Any CPU
		Ad-Hoc|iPhone = Ad-Hoc|iPhone
		Ad-Hoc|iPhoneSimulator = Ad-Hoc|iPhoneSimulator
		AppStore|Any CPU = AppStore|Any CPU
		AppStore|iPhone = AppStore|iPhone
		AppStore|iPhoneSimulator = AppStore|iPhoneSimulator
		Debug|Any CPU = Debug|Any CPU
		Debug|iPhone = Debug|iPhone
		Debug|iPhoneSimulator = Debug|iPhoneSimulator
		Release|Any CPU = Release|Any CPU
		Release|iPhone = Release|iPhone
		Release|iPhoneSimulator = Release|iPhoneSimulator
	EndGlobalSection
	GlobalSection(ProjectConfigurationPlatforms) = postSolution
		{6EB66A63-7702-4D64-8715-DC09A8D4EFCB}.Ad-Hoc|Any CPU.ActiveCfg = Debug|Any CPU
		{6EB66A63-7702-4D64-8715-DC09A8D4EFCB}.Ad-Hoc|Any CPU.Build.0 = Debug|Any CPU
		{6EB66A63-7702-4D64-8715-DC09A8D4EFCB}.Ad-Hoc|iPhone.ActiveCfg = Debug|Any CPU
		{6EB66A63-7702-4D64-8715-DC09A8D4EFCB}.Ad-Hoc|iPhone.Build.0 = Debug|Any CPU
		{6EB66A63-7702-4D64-8715-DC09A8D4EFCB}.Ad-Hoc|iPhoneSimulator.ActiveCfg = Debug|Any CPU
		{6EB66A63-7702-4D64-8715-DC09A8D4EFCB}.Ad-Hoc|iPhoneSimulator.Build.0 = Debug|Any CPU
		{6EB66A63-7702-4D64-8715-DC09A8D4EFCB}.AppStore|Any CPU.ActiveCfg = Debug|Any CPU
		{6EB66A63-7702-4D64-8715-DC09A8D4EFCB}.AppStore|Any CPU.Build.0 = Debug|Any CPU
		{6EB66A63-7702-4D64-8715-DC09A8D4EFCB}.AppStore|iPhone.ActiveCfg = Debug|Any CPU
		{6EB66A63-7702-4D64-8715-DC09A8D4EFCB}.AppStore|iPhone.Build.0 = Debug|Any CPU
		{6EB66A63-7702-4D64-8715-DC09A8D4EFCB}.AppStore|iPhoneSimulator.ActiveCfg = Debug|Any CPU
		{6EB66A63-7702-4D64-8715-DC09A8D4EFCB}.AppStore|iPhoneSimulator.Build.0 = Debug|Any CPU
		{6EB66A63-7702-4D64-8715-DC09A8D4EFCB}.Debug|Any CPU.ActiveCfg = Debug|Any CPU
		{6EB66A63-7702-4D64-8715-DC09A8D4EFCB}.Debug|Any CPU.Build.0 = Debug|Any CPU
		{6EB66A63-7702-4D64-8715-DC09A8D4EFCB}.Debug|iPhone.ActiveCfg = Debug|Any CPU
		{6EB66A63-7702-4D64-8715-DC09A8D4EFCB}.Debug|iPhone.Build.0 = Debug|Any CPU
		{6EB66A63-7702-4D64-8715-DC09A8D4EFCB}.Debug|iPhoneSimulator.ActiveCfg = Debug|Any CPU
		{6EB66A63-7702-4D64-8715-DC09A8D4EFCB}.Debug|iPhoneSimulator.Build.0 = Debug|Any CPU
		{6EB66A63-7702-4D64-8715-DC09A8D4EFCB}.Release|Any CPU.ActiveCfg = Release|Any CPU
		{6EB66A63-7702-4D64-8715-DC09A8D4EFCB}.Release|Any CPU.Build.0 = Release|Any CPU
		{6EB66A63-7702-4D64-8715-DC09A8D4EFCB}.Release|iPhone.ActiveCfg = Release|Any CPU
		{6EB66A63-7702-4D64-8715-DC09A8D4EFCB}.Release|iPhone.Build.0 = Release|Any CPU
		{6EB66A63-7702-4D64-8715-DC09A8D4EFCB}.Release|iPhoneSimulator.ActiveCfg = Release|Any CPU
		{6EB66A63-7702-4D64-8715-DC09A8D4EFCB}.Release|iPhoneSimulator.Build.0 = Release|Any CPU
		{DB880027-6685-4AA9-9AFE-5F6745BDD97E}.Ad-Hoc|Any CPU.ActiveCfg = Release|Any CPU
		{DB880027-6685-4AA9-9AFE-5F6745BDD97E}.Ad-Hoc|Any CPU.Build.0 = Release|Any CPU
		{DB880027-6685-4AA9-9AFE-5F6745BDD97E}.Ad-Hoc|iPhone.ActiveCfg = Release|Any CPU
		{DB880027-6685-4AA9-9AFE-5F6745BDD97E}.Ad-Hoc|iPhone.Build.0 = Release|Any CPU
		{DB880027-6685-4AA9-9AFE-5F6745BDD97E}.Ad-Hoc|iPhoneSimulator.ActiveCfg = Release|Any CPU
		{DB880027-6685-4AA9-9AFE-5F6745BDD97E}.Ad-Hoc|iPhoneSimulator.Build.0 = Release|Any CPU
		{DB880027-6685-4AA9-9AFE-5F6745BDD97E}.AppStore|Any CPU.ActiveCfg = Release|Any CPU
		{DB880027-6685-4AA9-9AFE-5F6745BDD97E}.AppStore|Any CPU.Build.0 = Release|Any CPU
		{DB880027-6685-4AA9-9AFE-5F6745BDD97E}.AppStore|iPhone.ActiveCfg = Release|Any CPU
		{DB880027-6685-4AA9-9AFE-5F6745BDD97E}.AppStore|iPhone.Build.0 = Release|Any CPU
		{DB880027-6685-4AA9-9AFE-5F6745BDD97E}.AppStore|iPhoneSimulator.ActiveCfg = Release|Any CPU
		{DB880027-6685-4AA9-9AFE-5F6745BDD97E}.AppStore|iPhoneSimulator.Build.0 = Release|Any CPU
		{DB880027-6685-4AA9-9AFE-5F6745BDD97E}.Debug|Any CPU.ActiveCfg = Debug|Any CPU
		{DB880027-6685-4AA9-9AFE-5F6745BDD97E}.Debug|Any CPU.Build.0 = Debug|Any CPU
		{DB880027-6685-4AA9-9AFE-5F6745BDD97E}.Debug|iPhone.ActiveCfg = Debug|Any CPU
		{DB880027-6685-4AA9-9AFE-5F6745BDD97E}.Debug|iPhone.Build.0 = Debug|Any CPU
		{DB880027-6685-4AA9-9AFE-5F6745BDD97E}.Debug|iPhoneSimulator.ActiveCfg = Debug|Any CPU
		{DB880027-6685-4AA9-9AFE-5F6745BDD97E}.Debug|iPhoneSimulator.Build.0 = Debug|Any CPU
		{DB880027-6685-4AA9-9AFE-5F6745BDD97E}.Release|Any CPU.ActiveCfg = Release|Any CPU
		{DB880027-6685-4AA9-9AFE-5F6745BDD97E}.Release|Any CPU.Build.0 = Release|Any CPU
		{DB880027-6685-4AA9-9AFE-5F6745BDD97E}.Release|iPhone.ActiveCfg = Release|Any CPU
		{DB880027-6685-4AA9-9AFE-5F6745BDD97E}.Release|iPhone.Build.0 = Release|Any CPU
		{DB880027-6685-4AA9-9AFE-5F6745BDD97E}.Release|iPhoneSimulator.ActiveCfg = Release|Any CPU
		{DB880027-6685-4AA9-9AFE-5F6745BDD97E}.Release|iPhoneSimulator.Build.0 = Release|Any CPU
		{E71F3053-056C-4381-9638-048ED73BDFF6}.Ad-Hoc|Any CPU.ActiveCfg = Release|Any CPU
		{E71F3053-056C-4381-9638-048ED73BDFF6}.Ad-Hoc|Any CPU.Build.0 = Release|Any CPU
		{E71F3053-056C-4381-9638-048ED73BDFF6}.Ad-Hoc|iPhone.ActiveCfg = Release|Any CPU
		{E71F3053-056C-4381-9638-048ED73BDFF6}.Ad-Hoc|iPhone.Build.0 = Release|Any CPU
		{E71F3053-056C-4381-9638-048ED73BDFF6}.Ad-Hoc|iPhoneSimulator.ActiveCfg = Release|Any CPU
		{E71F3053-056C-4381-9638-048ED73BDFF6}.Ad-Hoc|iPhoneSimulator.Build.0 = Release|Any CPU
		{E71F3053-056C-4381-9638-048ED73BDFF6}.AppStore|Any CPU.ActiveCfg = Release|Any CPU
		{E71F3053-056C-4381-9638-048ED73BDFF6}.AppStore|Any CPU.Build.0 = Release|Any CPU
		{E71F3053-056C-4381-9638-048ED73BDFF6}.AppStore|iPhone.ActiveCfg = Release|Any CPU
		{E71F3053-056C-4381-9638-048ED73BDFF6}.AppStore|iPhone.Build.0 = Release|Any CPU
		{E71F3053-056C-4381-9638-048ED73BDFF6}.AppStore|iPhoneSimulator.ActiveCfg = Release|Any CPU
		{E71F3053-056C-4381-9638-048ED73BDFF6}.AppStore|iPhoneSimulator.Build.0 = Release|Any CPU
		{E71F3053-056C-4381-9638-048ED73BDFF6}.Debug|Any CPU.ActiveCfg = Debug|Any CPU
		{E71F3053-056C-4381-9638-048ED73BDFF6}.Debug|Any CPU.Build.0 = Debug|Any CPU
		{E71F3053-056C-4381-9638-048ED73BDFF6}.Debug|iPhone.ActiveCfg = Debug|Any CPU
		{E71F3053-056C-4381-9638-048ED73BDFF6}.Debug|iPhone.Build.0 = Debug|Any CPU
		{E71F3053-056C-4381-9638-048ED73BDFF6}.Debug|iPhoneSimulator.ActiveCfg = Debug|Any CPU
		{E71F3053-056C-4381-9638-048ED73BDFF6}.Debug|iPhoneSimulator.Build.0 = Debug|Any CPU
		{E71F3053-056C-4381-9638-048ED73BDFF6}.Release|Any CPU.ActiveCfg = Release|Any CPU
		{E71F3053-056C-4381-9638-048ED73BDFF6}.Release|Any CPU.Build.0 = Release|Any CPU
		{E71F3053-056C-4381-9638-048ED73BDFF6}.Release|iPhone.ActiveCfg = Release|Any CPU
		{E71F3053-056C-4381-9638-048ED73BDFF6}.Release|iPhone.Build.0 = Release|Any CPU
		{E71F3053-056C-4381-9638-048ED73BDFF6}.Release|iPhoneSimulator.ActiveCfg = Release|Any CPU
		{E71F3053-056C-4381-9638-048ED73BDFF6}.Release|iPhoneSimulator.Build.0 = Release|Any CPU
		{0F656A9F-B94A-4712-A47B-E16C6657F0F0}.Ad-Hoc|Any CPU.ActiveCfg = Release|Any CPU
		{0F656A9F-B94A-4712-A47B-E16C6657F0F0}.Ad-Hoc|Any CPU.Build.0 = Release|Any CPU
		{0F656A9F-B94A-4712-A47B-E16C6657F0F0}.Ad-Hoc|Any CPU.Deploy.0 = Release|Any CPU
		{0F656A9F-B94A-4712-A47B-E16C6657F0F0}.Ad-Hoc|iPhone.ActiveCfg = Release|Any CPU
		{0F656A9F-B94A-4712-A47B-E16C6657F0F0}.Ad-Hoc|iPhone.Build.0 = Release|Any CPU
		{0F656A9F-B94A-4712-A47B-E16C6657F0F0}.Ad-Hoc|iPhone.Deploy.0 = Release|Any CPU
		{0F656A9F-B94A-4712-A47B-E16C6657F0F0}.Ad-Hoc|iPhoneSimulator.ActiveCfg = Release|Any CPU
		{0F656A9F-B94A-4712-A47B-E16C6657F0F0}.Ad-Hoc|iPhoneSimulator.Build.0 = Release|Any CPU
		{0F656A9F-B94A-4712-A47B-E16C6657F0F0}.Ad-Hoc|iPhoneSimulator.Deploy.0 = Release|Any CPU
		{0F656A9F-B94A-4712-A47B-E16C6657F0F0}.AppStore|Any CPU.ActiveCfg = Release|Any CPU
		{0F656A9F-B94A-4712-A47B-E16C6657F0F0}.AppStore|Any CPU.Build.0 = Release|Any CPU
		{0F656A9F-B94A-4712-A47B-E16C6657F0F0}.AppStore|Any CPU.Deploy.0 = Release|Any CPU
		{0F656A9F-B94A-4712-A47B-E16C6657F0F0}.AppStore|iPhone.ActiveCfg = Release|Any CPU
		{0F656A9F-B94A-4712-A47B-E16C6657F0F0}.AppStore|iPhone.Build.0 = Release|Any CPU
		{0F656A9F-B94A-4712-A47B-E16C6657F0F0}.AppStore|iPhone.Deploy.0 = Release|Any CPU
		{0F656A9F-B94A-4712-A47B-E16C6657F0F0}.AppStore|iPhoneSimulator.ActiveCfg = Release|Any CPU
		{0F656A9F-B94A-4712-A47B-E16C6657F0F0}.AppStore|iPhoneSimulator.Build.0 = Release|Any CPU
		{0F656A9F-B94A-4712-A47B-E16C6657F0F0}.AppStore|iPhoneSimulator.Deploy.0 = Release|Any CPU
		{0F656A9F-B94A-4712-A47B-E16C6657F0F0}.Debug|Any CPU.ActiveCfg = Debug|Any CPU
		{0F656A9F-B94A-4712-A47B-E16C6657F0F0}.Debug|Any CPU.Build.0 = Debug|Any CPU
		{0F656A9F-B94A-4712-A47B-E16C6657F0F0}.Debug|Any CPU.Deploy.0 = Debug|Any CPU
		{0F656A9F-B94A-4712-A47B-E16C6657F0F0}.Debug|iPhone.ActiveCfg = Debug|Any CPU
		{0F656A9F-B94A-4712-A47B-E16C6657F0F0}.Debug|iPhone.Build.0 = Debug|Any CPU
		{0F656A9F-B94A-4712-A47B-E16C6657F0F0}.Debug|iPhone.Deploy.0 = Debug|Any CPU
		{0F656A9F-B94A-4712-A47B-E16C6657F0F0}.Debug|iPhoneSimulator.ActiveCfg = Debug|Any CPU
		{0F656A9F-B94A-4712-A47B-E16C6657F0F0}.Debug|iPhoneSimulator.Build.0 = Debug|Any CPU
		{0F656A9F-B94A-4712-A47B-E16C6657F0F0}.Debug|iPhoneSimulator.Deploy.0 = Debug|Any CPU
		{0F656A9F-B94A-4712-A47B-E16C6657F0F0}.Release|Any CPU.ActiveCfg = Release|Any CPU
		{0F656A9F-B94A-4712-A47B-E16C6657F0F0}.Release|Any CPU.Build.0 = Release|Any CPU
		{0F656A9F-B94A-4712-A47B-E16C6657F0F0}.Release|Any CPU.Deploy.0 = Release|Any CPU
		{0F656A9F-B94A-4712-A47B-E16C6657F0F0}.Release|iPhone.ActiveCfg = Release|Any CPU
		{0F656A9F-B94A-4712-A47B-E16C6657F0F0}.Release|iPhone.Build.0 = Release|Any CPU
		{0F656A9F-B94A-4712-A47B-E16C6657F0F0}.Release|iPhone.Deploy.0 = Release|Any CPU
		{0F656A9F-B94A-4712-A47B-E16C6657F0F0}.Release|iPhoneSimulator.ActiveCfg = Release|Any CPU
		{0F656A9F-B94A-4712-A47B-E16C6657F0F0}.Release|iPhoneSimulator.Build.0 = Release|Any CPU
		{0F656A9F-B94A-4712-A47B-E16C6657F0F0}.Release|iPhoneSimulator.Deploy.0 = Release|Any CPU
		{E66FFD89-A3F3-475B-ACC3-FD08E6FBAB53}.Ad-Hoc|Any CPU.ActiveCfg = Ad-Hoc|iPhone
		{E66FFD89-A3F3-475B-ACC3-FD08E6FBAB53}.Ad-Hoc|iPhone.ActiveCfg = Ad-Hoc|iPhone
		{E66FFD89-A3F3-475B-ACC3-FD08E6FBAB53}.Ad-Hoc|iPhone.Build.0 = Ad-Hoc|iPhone
		{E66FFD89-A3F3-475B-ACC3-FD08E6FBAB53}.Ad-Hoc|iPhoneSimulator.ActiveCfg = Ad-Hoc|iPhoneSimulator
		{E66FFD89-A3F3-475B-ACC3-FD08E6FBAB53}.Ad-Hoc|iPhoneSimulator.Build.0 = Ad-Hoc|iPhoneSimulator
		{E66FFD89-A3F3-475B-ACC3-FD08E6FBAB53}.AppStore|Any CPU.ActiveCfg = AppStore|iPhone
		{E66FFD89-A3F3-475B-ACC3-FD08E6FBAB53}.AppStore|iPhone.ActiveCfg = AppStore|iPhone
		{E66FFD89-A3F3-475B-ACC3-FD08E6FBAB53}.AppStore|iPhone.Build.0 = AppStore|iPhone
		{E66FFD89-A3F3-475B-ACC3-FD08E6FBAB53}.AppStore|iPhoneSimulator.ActiveCfg = AppStore|iPhoneSimulator
		{E66FFD89-A3F3-475B-ACC3-FD08E6FBAB53}.AppStore|iPhoneSimulator.Build.0 = AppStore|iPhoneSimulator
		{E66FFD89-A3F3-475B-ACC3-FD08E6FBAB53}.Debug|Any CPU.ActiveCfg = Debug|iPhone
		{E66FFD89-A3F3-475B-ACC3-FD08E6FBAB53}.Debug|iPhone.ActiveCfg = Debug|iPhone
		{E66FFD89-A3F3-475B-ACC3-FD08E6FBAB53}.Debug|iPhone.Build.0 = Debug|iPhone
		{E66FFD89-A3F3-475B-ACC3-FD08E6FBAB53}.Debug|iPhoneSimulator.ActiveCfg = Debug|iPhoneSimulator
		{E66FFD89-A3F3-475B-ACC3-FD08E6FBAB53}.Debug|iPhoneSimulator.Build.0 = Debug|iPhoneSimulator
		{E66FFD89-A3F3-475B-ACC3-FD08E6FBAB53}.Release|Any CPU.ActiveCfg = Release|iPhone
		{E66FFD89-A3F3-475B-ACC3-FD08E6FBAB53}.Release|iPhone.ActiveCfg = Release|iPhone
		{E66FFD89-A3F3-475B-ACC3-FD08E6FBAB53}.Release|iPhone.Build.0 = Release|iPhone
		{E66FFD89-A3F3-475B-ACC3-FD08E6FBAB53}.Release|iPhoneSimulator.ActiveCfg = Release|iPhoneSimulator
		{E66FFD89-A3F3-475B-ACC3-FD08E6FBAB53}.Release|iPhoneSimulator.Build.0 = Release|iPhoneSimulator
		{65933645-CCA0-4C55-A992-D04C5BE9C4AC}.Ad-Hoc|Any CPU.ActiveCfg = Debug|Any CPU
		{65933645-CCA0-4C55-A992-D04C5BE9C4AC}.Ad-Hoc|Any CPU.Build.0 = Debug|Any CPU
		{65933645-CCA0-4C55-A992-D04C5BE9C4AC}.Ad-Hoc|iPhone.ActiveCfg = Debug|Any CPU
		{65933645-CCA0-4C55-A992-D04C5BE9C4AC}.Ad-Hoc|iPhone.Build.0 = Debug|Any CPU
		{65933645-CCA0-4C55-A992-D04C5BE9C4AC}.Ad-Hoc|iPhoneSimulator.ActiveCfg = Debug|Any CPU
		{65933645-CCA0-4C55-A992-D04C5BE9C4AC}.Ad-Hoc|iPhoneSimulator.Build.0 = Debug|Any CPU
		{65933645-CCA0-4C55-A992-D04C5BE9C4AC}.AppStore|Any CPU.ActiveCfg = Debug|Any CPU
		{65933645-CCA0-4C55-A992-D04C5BE9C4AC}.AppStore|Any CPU.Build.0 = Debug|Any CPU
		{65933645-CCA0-4C55-A992-D04C5BE9C4AC}.AppStore|iPhone.ActiveCfg = Debug|Any CPU
		{65933645-CCA0-4C55-A992-D04C5BE9C4AC}.AppStore|iPhone.Build.0 = Debug|Any CPU
		{65933645-CCA0-4C55-A992-D04C5BE9C4AC}.AppStore|iPhoneSimulator.ActiveCfg = Debug|Any CPU
		{65933645-CCA0-4C55-A992-D04C5BE9C4AC}.AppStore|iPhoneSimulator.Build.0 = Debug|Any CPU
		{65933645-CCA0-4C55-A992-D04C5BE9C4AC}.Debug|Any CPU.ActiveCfg = Debug|Any CPU
		{65933645-CCA0-4C55-A992-D04C5BE9C4AC}.Debug|Any CPU.Build.0 = Debug|Any CPU
		{65933645-CCA0-4C55-A992-D04C5BE9C4AC}.Debug|iPhone.ActiveCfg = Debug|Any CPU
		{65933645-CCA0-4C55-A992-D04C5BE9C4AC}.Debug|iPhone.Build.0 = Debug|Any CPU
		{65933645-CCA0-4C55-A992-D04C5BE9C4AC}.Debug|iPhoneSimulator.ActiveCfg = Debug|Any CPU
		{65933645-CCA0-4C55-A992-D04C5BE9C4AC}.Debug|iPhoneSimulator.Build.0 = Debug|Any CPU
		{65933645-CCA0-4C55-A992-D04C5BE9C4AC}.Release|Any CPU.ActiveCfg = Release|Any CPU
		{65933645-CCA0-4C55-A992-D04C5BE9C4AC}.Release|Any CPU.Build.0 = Release|Any CPU
		{65933645-CCA0-4C55-A992-D04C5BE9C4AC}.Release|iPhone.ActiveCfg = Release|Any CPU
		{65933645-CCA0-4C55-A992-D04C5BE9C4AC}.Release|iPhone.Build.0 = Release|Any CPU
		{65933645-CCA0-4C55-A992-D04C5BE9C4AC}.Release|iPhoneSimulator.ActiveCfg = Release|Any CPU
		{65933645-CCA0-4C55-A992-D04C5BE9C4AC}.Release|iPhoneSimulator.Build.0 = Release|Any CPU
	EndGlobalSection
	GlobalSection(SolutionProperties) = preSolution
		HideSolutionNode = FALSE
	EndGlobalSection
	GlobalSection(NestedProjects) = preSolution
		{0F656A9F-B94A-4712-A47B-E16C6657F0F0} = {6AE57276-357A-4191-92A9-B1E53BB57487}
		{E66FFD89-A3F3-475B-ACC3-FD08E6FBAB53} = {6AE57276-357A-4191-92A9-B1E53BB57487}
		{65933645-CCA0-4C55-A992-D04C5BE9C4AC} = {6AE57276-357A-4191-92A9-B1E53BB57487}
	EndGlobalSection
	GlobalSection(ExtensibilityGlobals) = postSolution
		SolutionGuid = {7BE694B6-AFB7-4844-804F-6CC4FA229D8E}
	EndGlobalSection
EndGlobal
